
Microsoft Visual Studio Solution File, Format Version 12.00
# Visual Studio Version 17
VisualStudioVersion = 17.1.32421.90
MinimumVisualStudioVersion = 10.0.40219.1
Project("{FAE04EC0-301F-11D3-BF4B-00C04F79EFBC}") = "Line-comparison-problem", "Line-comparison-problem\Line-comparison-problem.csproj", "{34AC887D-A4EC-4EE0-B30F-06BD96A4BF58}"
EndProject
Global
	GlobalSection(SolutionConfigurationPlatforms) = preSolution
		Debug|Any CPU = Debug|Any CPU
		Release|Any CPU = Release|Any CPU
	EndGlobalSection
	GlobalSection(ProjectConfigurationPlatforms) = postSolution
		{34AC887D-A4EC-4EE0-B30F-06BD96A4BF58}.Debug|Any CPU.ActiveCfg = Debug|Any CPU
		{34AC887D-A4EC-4EE0-B30F-06BD96A4BF58}.Debug|Any CPU.Build.0 = Debug|Any CPU
		{34AC887D-A4EC-4EE0-B30F-06BD96A4BF58}.Release|Any CPU.ActiveCfg = Release|Any CPU
		{34AC887D-A4EC-4EE0-B30F-06BD96A4BF58}.Release|Any CPU.Build.0 = Release|Any CPU
	EndGlobalSection
	GlobalSection(SolutionProperties) = preSolution
		HideSolutionNode = FALSE
	EndGlobalSection
	GlobalSection(ExtensibilityGlobals) = postSolution
		SolutionGuid = {BD52E8A6-C5A0-4896-B48D-2D83DDF4D248}
	EndGlobalSection
EndGlobal
